
Microsoft Visual Studio Solution File, Format Version 12.00
# Visual Studio Version 17
VisualStudioVersion = 17.4.33213.308
MinimumVisualStudioVersion = 10.0.40219.1
Project("{FAE04EC0-301F-11D3-BF4B-00C04F79EFBC}") = "Identification of dynamic properties of thermocouples", "Identification of dynamic properties of thermocouples.csproj", "{FCF8C5A3-289C-4EE7-92C1-2ABEF9C784EB}"
EndProject
Global
	GlobalSection(SolutionConfigurationPlatforms) = preSolution
		Debug|Any CPU = Debug|Any CPU
		Release|Any CPU = Release|Any CPU
	EndGlobalSection
	GlobalSection(ProjectConfigurationPlatforms) = postSolution
		{FCF8C5A3-289C-4EE7-92C1-2ABEF9C784EB}.Debug|Any CPU.ActiveCfg = Debug|Any CPU
		{FCF8C5A3-289C-4EE7-92C1-2ABEF9C784EB}.Debug|Any CPU.Build.0 = Debug|Any CPU
		{FCF8C5A3-289C-4EE7-92C1-2ABEF9C784EB}.Release|Any CPU.ActiveCfg = Release|Any CPU
		{FCF8C5A3-289C-4EE7-92C1-2ABEF9C784EB}.Release|Any CPU.Build.0 = Release|Any CPU
	EndGlobalSection
	GlobalSection(SolutionProperties) = preSolution
		HideSolutionNode = FALSE
	EndGlobalSection
	GlobalSection(ExtensibilityGlobals) = postSolution
		SolutionGuid = {B2C7D86B-9711-44CD-9228-6612D89FA42D}
	EndGlobalSection
EndGlobal
